
Microsoft Visual Studio Solution File, Format Version 12.00
# Visual Studio Version 16
VisualStudioVersion = 16.0.30204.135
MinimumVisualStudioVersion = 10.0.40219.1
Project("{8BC9CEB8-8B4A-11D0-8D11-00A0C91BC942}") = "Abstract_Factory", "Builder\Builder.vcxproj", "{666986EF-5F4A-4F10-A0F7-81169D85E241}"
EndProject
Project("{8BC9CEB8-8B4A-11D0-8D11-00A0C91BC942}") = "Builder_", "Builder_\Builder_.vcxproj", "{4D8AB331-DE95-4E15-9513-9B87C5504AD4}"
EndProject
Project("{8BC9CEB8-8B4A-11D0-8D11-00A0C91BC942}") = "Adapter", "Adapter\Adapter.vcxproj", "{A51DE90C-BE04-4E7C-A0FA-E07A7410B338}"
EndProject
Global
	GlobalSection(SolutionConfigurationPlatforms) = preSolution
		Debug|x64 = Debug|x64
		Debug|x86 = Debug|x86
		Release|x64 = Release|x64
		Release|x86 = Release|x86
	EndGlobalSection
	GlobalSection(ProjectConfigurationPlatforms) = postSolution
		{666986EF-5F4A-4F10-A0F7-81169D85E241}.Debug|x64.ActiveCfg = Debug|x64
		{666986EF-5F4A-4F10-A0F7-81169D85E241}.Debug|x64.Build.0 = Debug|x64
		{666986EF-5F4A-4F10-A0F7-81169D85E241}.Debug|x86.ActiveCfg = Debug|Win32
		{666986EF-5F4A-4F10-A0F7-81169D85E241}.Debug|x86.Build.0 = Debug|Win32
		{666986EF-5F4A-4F10-A0F7-81169D85E241}.Release|x64.ActiveCfg = Release|x64
		{666986EF-5F4A-4F10-A0F7-81169D85E241}.Release|x64.Build.0 = Release|x64
		{666986EF-5F4A-4F10-A0F7-81169D85E241}.Release|x86.ActiveCfg = Release|Win32
		{666986EF-5F4A-4F10-A0F7-81169D85E241}.Release|x86.Build.0 = Release|Win32
		{4D8AB331-DE95-4E15-9513-9B87C5504AD4}.Debug|x64.ActiveCfg = Debug|x64
		{4D8AB331-DE95-4E15-9513-9B87C5504AD4}.Debug|x64.Build.0 = Debug|x64
		{4D8AB331-DE95-4E15-9513-9B87C5504AD4}.Debug|x86.ActiveCfg = Debug|Win32
		{4D8AB331-DE95-4E15-9513-9B87C5504AD4}.Debug|x86.Build.0 = Debug|Win32
		{4D8AB331-DE95-4E15-9513-9B87C5504AD4}.Release|x64.ActiveCfg = Release|x64
		{4D8AB331-DE95-4E15-9513-9B87C5504AD4}.Release|x64.Build.0 = Release|x64
		{4D8AB331-DE95-4E15-9513-9B87C5504AD4}.Release|x86.ActiveCfg = Release|Win32
		{4D8AB331-DE95-4E15-9513-9B87C5504AD4}.Release|x86.Build.0 = Release|Win32
		{A51DE90C-BE04-4E7C-A0FA-E07A7410B338}.Debug|x64.ActiveCfg = Debug|x64
		{A51DE90C-BE04-4E7C-A0FA-E07A7410B338}.Debug|x64.Build.0 = Debug|x64
		{A51DE90C-BE04-4E7C-A0FA-E07A7410B338}.Debug|x86.ActiveCfg = Debug|Win32
		{A51DE90C-BE04-4E7C-A0FA-E07A7410B338}.Debug|x86.Build.0 = Debug|Win32
		{A51DE90C-BE04-4E7C-A0FA-E07A7410B338}.Release|x64.ActiveCfg = Release|x64
		{A51DE90C-BE04-4E7C-A0FA-E07A7410B338}.Release|x64.Build.0 = Release|x64
		{A51DE90C-BE04-4E7C-A0FA-E07A7410B338}.Release|x86.ActiveCfg = Release|Win32
		{A51DE90C-BE04-4E7C-A0FA-E07A7410B338}.Release|x86.Build.0 = Release|Win32
	EndGlobalSection
	GlobalSection(SolutionProperties) = preSolution
		HideSolutionNode = FALSE
	EndGlobalSection
	GlobalSection(ExtensibilityGlobals) = postSolution
		SolutionGuid = {B3F8998E-43D3-4C99-8981-8CD175EEAF92}
	EndGlobalSection
EndGlobal
